
Microsoft Visual Studio Solution File, Format Version 12.00
# Visual Studio 14
VisualStudioVersion = 14.0.25123.0
MinimumVisualStudioVersion = 10.0.40219.1
Project("{2150E333-8FDC-42A3-9474-1A3956D46DE8}") = "src", "src", "{D84C11B7-46E0-4BF1-BFFD-C9ED215B8890}"
EndProject
Project("{2150E333-8FDC-42A3-9474-1A3956D46DE8}") = "Solution Items", "Solution Items", "{4B1ED4BF-8D2A-4E4D-B332-B2F419C92FE4}"
	ProjectSection(SolutionItems) = preProject
		global.json = global.json
	EndProjectSection
EndProject
Project("{8BB2217D-0F2D-49D1-97BC-3654ED321F3B}") = "Travel", "src\WebApplication1\Travel.xproj", "{D7010554-7B00-4560-A750-0E6E37BCE682}"
EndProject
Global
	GlobalSection(SolutionConfigurationPlatforms) = preSolution
		Debug|Any CPU = Debug|Any CPU
		Release|Any CPU = Release|Any CPU
	EndGlobalSection
	GlobalSection(ProjectConfigurationPlatforms) = postSolution
		{D7010554-7B00-4560-A750-0E6E37BCE682}.Debug|Any CPU.ActiveCfg = Debug|Any CPU
		{D7010554-7B00-4560-A750-0E6E37BCE682}.Debug|Any CPU.Build.0 = Debug|Any CPU
		{D7010554-7B00-4560-A750-0E6E37BCE682}.Release|Any CPU.ActiveCfg = Release|Any CPU
		{D7010554-7B00-4560-A750-0E6E37BCE682}.Release|Any CPU.Build.0 = Release|Any CPU
	EndGlobalSection
	GlobalSection(SolutionProperties) = preSolution
		HideSolutionNode = FALSE
	EndGlobalSection
	GlobalSection(NestedProjects) = preSolution
		{D7010554-7B00-4560-A750-0E6E37BCE682} = {D84C11B7-46E0-4BF1-BFFD-C9ED215B8890}
	EndGlobalSection
EndGlobal
